
Microsoft Visual Studio Solution File, Format Version 12.00
# Visual Studio 2013
VisualStudioVersion = 12.0.30501.0
MinimumVisualStudioVersion = 10.0.40219.1
Project("{FAE04EC0-301F-11D3-BF4B-00C04F79EFBC}") = "RoadRingSim", "RoadRingSim\RoadRingSim.csproj", "{5E548DA6-184B-404A-9879-707594B5F2C6}"
EndProject
Project("{F088123C-0E9E-452A-89E6-6BA2F21D5CAC}") = "ModelingProject1", "ModelingProject1\ModelingProject1.modelproj", "{48CAE123-BE43-4569-8B26-6BF1139F23D1}"
EndProject
Global
	GlobalSection(SolutionConfigurationPlatforms) = preSolution
		Debug|Any CPU = Debug|Any CPU
		Release|Any CPU = Release|Any CPU
	EndGlobalSection
	GlobalSection(ProjectConfigurationPlatforms) = postSolution
		{5E548DA6-184B-404A-9879-707594B5F2C6}.Debug|Any CPU.ActiveCfg = Debug|Any CPU
		{5E548DA6-184B-404A-9879-707594B5F2C6}.Debug|Any CPU.Build.0 = Debug|Any CPU
		{5E548DA6-184B-404A-9879-707594B5F2C6}.Release|Any CPU.ActiveCfg = Release|Any CPU
		{5E548DA6-184B-404A-9879-707594B5F2C6}.Release|Any CPU.Build.0 = Release|Any CPU
		{48CAE123-BE43-4569-8B26-6BF1139F23D1}.Debug|Any CPU.ActiveCfg = Debug|Any CPU
		{48CAE123-BE43-4569-8B26-6BF1139F23D1}.Debug|Any CPU.Build.0 = Debug|Any CPU
		{48CAE123-BE43-4569-8B26-6BF1139F23D1}.Release|Any CPU.ActiveCfg = Release|Any CPU
		{48CAE123-BE43-4569-8B26-6BF1139F23D1}.Release|Any CPU.Build.0 = Release|Any CPU
	EndGlobalSection
	GlobalSection(SolutionProperties) = preSolution
		HideSolutionNode = FALSE
	EndGlobalSection
EndGlobal
